
Microsoft Visual Studio Solution File, Format Version 12.00
# Visual Studio Version 16
VisualStudioVersion = 16.0.29911.84
MinimumVisualStudioVersion = 10.0.40219.1
Project("{FAE04EC0-301F-11D3-BF4B-00C04F79EFBC}") = "Piłkarze", "Piłkarze.csproj", "{104ED2EC-5613-4DD2-9012-5DCDAB934C69}"
EndProject
Global
	GlobalSection(SolutionConfigurationPlatforms) = preSolution
		Debug|Any CPU = Debug|Any CPU
		Release|Any CPU = Release|Any CPU
	EndGlobalSection
	GlobalSection(ProjectConfigurationPlatforms) = postSolution
		{104ED2EC-5613-4DD2-9012-5DCDAB934C69}.Debug|Any CPU.ActiveCfg = Debug|Any CPU
		{104ED2EC-5613-4DD2-9012-5DCDAB934C69}.Debug|Any CPU.Build.0 = Debug|Any CPU
		{104ED2EC-5613-4DD2-9012-5DCDAB934C69}.Release|Any CPU.ActiveCfg = Release|Any CPU
		{104ED2EC-5613-4DD2-9012-5DCDAB934C69}.Release|Any CPU.Build.0 = Release|Any CPU
	EndGlobalSection
	GlobalSection(SolutionProperties) = preSolution
		HideSolutionNode = FALSE
	EndGlobalSection
	GlobalSection(ExtensibilityGlobals) = postSolution
		SolutionGuid = {F232FEDC-9233-4BDC-946B-130EE3F03540}
	EndGlobalSection
EndGlobal
